
Microsoft Visual Studio Solution File, Format Version 12.00
# Visual Studio 15
VisualStudioVersion = 15.0.28307.421
MinimumVisualStudioVersion = 10.0.40219.1
Project("{F184B08F-C81C-45F6-A57F-5ABD9991F28F}") = "ex2", "ex2\ex2.vbproj", "{BBA2505B-2A10-4096-9F9E-8A1894D28290}"
EndProject
Global
	GlobalSection(SolutionConfigurationPlatforms) = preSolution
		Debug|Any CPU = Debug|Any CPU
		Release|Any CPU = Release|Any CPU
	EndGlobalSection
	GlobalSection(ProjectConfigurationPlatforms) = postSolution
		{BBA2505B-2A10-4096-9F9E-8A1894D28290}.Debug|Any CPU.ActiveCfg = Debug|Any CPU
		{BBA2505B-2A10-4096-9F9E-8A1894D28290}.Debug|Any CPU.Build.0 = Debug|Any CPU
		{BBA2505B-2A10-4096-9F9E-8A1894D28290}.Release|Any CPU.ActiveCfg = Release|Any CPU
		{BBA2505B-2A10-4096-9F9E-8A1894D28290}.Release|Any CPU.Build.0 = Release|Any CPU
	EndGlobalSection
	GlobalSection(SolutionProperties) = preSolution
		HideSolutionNode = FALSE
	EndGlobalSection
	GlobalSection(ExtensibilityGlobals) = postSolution
		SolutionGuid = {BC3A0A1E-AF0F-44A7-9D74-3340DD524AFD}
	EndGlobalSection
EndGlobal
